{
    "_meta": {
        "hash": {
            "sha256": "c8eb1234801c9d224f3985a779bbef48e79fe1d1573f2343c5414f70c10f37ab"
        },
        "pipfile-spec": 6,
        "requires": {
            "python_version": "3.9"
        },
        "sources": [
            {
                "name": "pypi",
                "url": "https://pypi.org/simple",
                "verify_ssl": true
            }
        ]
    },
    "default": {
        "aerich": {
            "hashes": [
                "sha256:90d1bfce48167e7acf6b4f5e94cb83fa9c2d39e13d63dfa94fae56cd62e97ba5",
                "sha256:bf8c79079b3c11921b313173658e68295f000fd8a8c48b2ead549a1111a1cbd4"
            ],
            "index": "pypi",
            "version": "==0.6.1"
        },
        "aiosqlite": {
            "hashes": [
                "sha256:6c49dc6d3405929b1d08eeccc72306d3677503cc5e5e43771efc1e00232e8231",
                "sha256:f0e6acc24bc4864149267ac82fb46dfb3be4455f99fe21df82609cc6e6baee51"
            ],
            "markers": "python_version >= '3.6'",
            "version": "==0.17.0"
        },
        "anyio": {
            "hashes": [
                "sha256:24adc69309fb5779bc1e06158e143e0b6d2c56b302a3ac3de3083c705a6ed39d",
                "sha256:2855a9423524abcdd652d942f8932fda1735210f77a6b392eafd9ff34d3fe020"
            ],
            "markers": "python_full_version >= '3.6.2'",
            "version": "==3.4.0"
        },
        "asgiref": {
            "hashes": [
                "sha256:4ef1ab46b484e3c706329cedeff284a5d40824200638503f5768edb6de7d58e9",
                "sha256:ffc141aa908e6f175673e7b1b3b7af4fdb0ecb738fc5c8b88f69f055c2415214"
            ],
            "markers": "python_version >= '3.6'",
            "version": "==3.4.1"
        },
        "asyncpg": {
            "hashes": [
                "sha256:0a61fb196ce4dae2f2fa26eb20a778db21bbee484d2e798cb3cc988de13bdd1b",
                "sha256:18d49e2d93a7139a2fdbd113e320cc47075049997268a61bfbe0dde680c55471",
                "sha256:191fe6341385b7fdea7dbdcf47fd6db3fd198827dcc1f2b228476d13c05a03c6",
                "sha256:1a70783f6ffa34cc7dd2de20a873181414a34fd35a4a208a1f1a7f9f695e4ec4",
                "sha256:2633331cbc8429030b4f20f712f8d0fbba57fa8555ee9b2f45f981b81328b256",
                "sha256:2bc197fc4aca2fd24f60241057998124012469d2e414aed3f992579db0c88e3a",
                "sha256:4327f691b1bdb222df27841938b3e04c14068166b3a97491bec2cb982f49f03e",
                "sha256:43cde84e996a3afe75f325a68300093425c2f47d340c0fc8912765cf24a1c095",
                "sha256:52fab7f1b2c29e187dd8781fce896249500cf055b63471ad66332e537e9b5f7e",
                "sha256:56d88d7ef4341412cd9c68efba323a4519c916979ba91b95d4c08799d2ff0c09",
                "sha256:5e4105f57ad1e8fbc8b1e535d8fcefa6ce6c71081228f08680c6dea24384ff0e",
                "sha256:63f8e6a69733b285497c2855464a34de657f2cccd25aeaeeb5071872e9382540",
                "sha256:649e2966d98cc48d0646d9a4e29abecd8b59d38d55c256d5c857f6b27b7407ac",
                "sha256:6f8f5fc975246eda83da8031a14004b9197f510c41511018e7b1bedde6968e92",
                "sha256:72a1e12ea0cf7c1e02794b697e3ca967b2360eaa2ce5d4bfdd8604ec2d6b774b",
                "sha256:739bbd7f89a2b2f6bc44cb8bf967dab12c5bc714fcbe96e68d512be45ecdf962",
                "sha256:863d36eba4a7caa853fd7d83fad5fd5306f050cc2fe6e54fbe10cdb30420e5e9",
                "sha256:a738f1b2876f30d710d3dc1e7858160a0afe1603ba16bf5f391f5316eb0ed855",
                "sha256:a84d30e6f850bac0876990bcd207362778e2208df0bee8be8da9f1558255e634",
                "sha256:acb311722352152936e58a8ee3c5b8e791b24e84cd7d777c414ff05b3530ca68",
                "sha256:beaecc52ad39614f6ca2e48c3ca15d56e24a2c15cbfdcb764a4320cc45f02fd5",
                "sha256:bf5e3408a14a17d480f36ebaf0401a12ff6ae5457fdf45e4e2775c51cc9517d3",
                "sha256:bf6dc9b55b9113f39eaa2057337ce3f9ef7de99a053b8a16360395ce588925cd",
                "sha256:ddb4c3263a8d63dcde3d2c4ac1c25206bfeb31fa83bd70fd539e10f87739dee4",
                "sha256:f55918ded7b85723a5eaeb34e86e7b9280d4474be67df853ab5a7fa0cc7c6bf2",
                "sha256:fe471ccd915b739ca65e2e4dbd92a11b44a5b37f2e38f70827a1c147dafe0fa8"
            ],
            "index": "pypi",
            "version": "==0.25.0"
        },
        "click": {
            "hashes": [
                "sha256:353f466495adaeb40b6b5f592f9f91cb22372351c84caeb068132442a4518ef3",
                "sha256:410e932b050f5eed773c4cda94de75971c89cdb3155a72a0831139a79e5ecb5b"
            ],
            "markers": "python_version >= '3.6'",
            "version": "==8.0.3"
        },
        "ddlparse": {
            "hashes": [
                "sha256:6418681baa848eb01251ab79eb3d0ad7e140e6ab1deaae5a019353ddb3a908da",
                "sha256:71761b3457c8720853af3aeef266e2da1b6edef50936969492d586d7046a2ac2"
            ],
            "version": "==1.10.0"
        },
        "dictdiffer": {
            "hashes": [
                "sha256:17bacf5fbfe613ccf1b6d512bd766e6b21fb798822a133aa86098b8ac9997578",
                "sha256:442bfc693cfcadaf46674575d2eba1c53b42f5e404218ca2c2ff549f2df56595"
            ],
            "version": "==0.9.0"
        },
        "fastapi": {
            "hashes": [
                "sha256:21d03979b5336375c66fa5d1f3126c6beca650d5d2166fbb78345a30d33c8d06",
                "sha256:5367226c7bcd7bfb2e17edaf225fd9a983095b1372281e9a3eb661336fb93748"
            ],
            "index": "pypi",
            "version": "==0.70.1"
        },
        "h11": {
            "hashes": [
                "sha256:36a3cb8c0a032f56e2da7084577878a035d3b61d104230d4bd49c0c6b555a9c6",
                "sha256:47222cb6067e4a307d535814917cd98fd0a57b6788ce715755fa2b6c28b56042"
            ],
            "markers": "python_version >= '3.6'",
            "version": "==0.12.0"
        },
        "idna": {
            "hashes": [
                "sha256:84d9dd047ffa80596e0f246e2eab0b391788b0503584e8945f2368256d2735ff",
                "sha256:9d643ff0a55b762d5cdb124b8eaa99c66322e2157b69160bc32796e824360e6d"
            ],
            "markers": "python_version >= '3.5'",
            "version": "==3.3"
        },
        "iso8601": {
            "hashes": [
                "sha256:36532f77cc800594e8f16641edae7f1baf7932f05d8e508545b95fc53c6dc85b",
                "sha256:906714829fedbc89955d52806c903f2332e3948ed94e31e85037f9e0226b8376"
            ],
            "version": "==0.1.16"
        },
        "pydantic": {
            "hashes": [
                "sha256:085ca1de245782e9b46cefcf99deecc67d418737a1fd3f6a4f511344b613a5b3",
                "sha256:086254884d10d3ba16da0588604ffdc5aab3f7f09557b998373e885c690dd398",
                "sha256:0b6037175234850ffd094ca77bf60fb54b08b5b22bc85865331dd3bda7a02fa1",
                "sha256:0fe476769acaa7fcddd17cadd172b156b53546ec3614a4d880e5d29ea5fbce65",
                "sha256:1d5278bd9f0eee04a44c712982343103bba63507480bfd2fc2790fa70cd64cf4",
                "sha256:2cc6a4cb8a118ffec2ca5fcb47afbacb4f16d0ab8b7350ddea5e8ef7bcc53a16",
                "sha256:2ee7e3209db1e468341ef41fe263eb655f67f5c5a76c924044314e139a1103a2",
                "sha256:3011b975c973819883842c5ab925a4e4298dffccf7782c55ec3580ed17dc464c",
                "sha256:3c3b035103bd4e2e4a28da9da7ef2fa47b00ee4a9cf4f1a735214c1bcd05e0f6",
                "sha256:4c68c3bc88dbda2a6805e9a142ce84782d3930f8fdd9655430d8576315ad97ce",
                "sha256:574936363cd4b9eed8acdd6b80d0143162f2eb654d96cb3a8ee91d3e64bf4cf9",
                "sha256:5a79330f8571faf71bf93667d3ee054609816f10a259a109a0738dac983b23c3",
                "sha256:5e48ef4a8b8c066c4a31409d91d7ca372a774d0212da2787c0d32f8045b1e034",
                "sha256:6c5b77947b9e85a54848343928b597b4f74fc364b70926b3c4441ff52620640c",
                "sha256:742645059757a56ecd886faf4ed2441b9c0cd406079c2b4bee51bcc3fbcd510a",
                "sha256:7bdfdadb5994b44bd5579cfa7c9b0e1b0e540c952d56f627eb227851cda9db77",
                "sha256:815ddebb2792efd4bba5488bc8fde09c29e8ca3227d27cf1c6990fc830fd292b",
                "sha256:8b5ac0f1c83d31b324e57a273da59197c83d1bb18171e512908fe5dc7278a1d6",
                "sha256:96f240bce182ca7fe045c76bcebfa0b0534a1bf402ed05914a6f1dadff91877f",
                "sha256:a733965f1a2b4090a5238d40d983dcd78f3ecea221c7af1497b845a9709c1721",
                "sha256:ab624700dc145aa809e6f3ec93fb8e7d0f99d9023b713f6a953637429b437d37",
                "sha256:b2571db88c636d862b35090ccf92bf24004393f85c8870a37f42d9f23d13e032",
                "sha256:bbbc94d0c94dd80b3340fc4f04fd4d701f4b038ebad72c39693c794fd3bc2d9d",
                "sha256:c0727bda6e38144d464daec31dff936a82917f431d9c39c39c60a26567eae3ed",
                "sha256:c556695b699f648c58373b542534308922c46a1cda06ea47bc9ca45ef5b39ae6",
                "sha256:c86229333cabaaa8c51cf971496f10318c4734cf7b641f08af0a6fbf17ca3054",
                "sha256:c8d7da6f1c1049eefb718d43d99ad73100c958a5367d30b9321b092771e96c25",
                "sha256:c8e9dcf1ac499679aceedac7e7ca6d8641f0193c591a2d090282aaf8e9445a46",
                "sha256:cb23bcc093697cdea2708baae4f9ba0e972960a835af22560f6ae4e7e47d33f5",
                "sha256:d1e4c28f30e767fd07f2ddc6f74f41f034d1dd6bc526cd59e63a82fe8bb9ef4c",
                "sha256:d9c9bdb3af48e242838f9f6e6127de9be7063aad17b32215ccc36a09c5cf1070",
                "sha256:dee5ef83a76ac31ab0c78c10bd7d5437bfdb6358c95b91f1ba7ff7b76f9996a1",
                "sha256:e0896200b6a40197405af18828da49f067c2fa1f821491bc8f5bde241ef3f7d7",
                "sha256:f5a64b64ddf4c99fe201ac2724daada8595ada0d102ab96d019c1555c2d6441d",
                "sha256:f947352c3434e8b937e3aa8f96f47bdfe6d92779e44bb3f41e4c213ba6a32145"
            ],
            "markers": "python_full_version >= '3.6.1'",
            "version": "==1.9.0"
        },
        "pyparsing": {
            "hashes": [
                "sha256:04ff808a5b90911829c55c4e26f75fa5ca8a2f5f36aa3a51f68e27033341d3e4",
                "sha256:d9bdec0013ef1eb5a84ab39a3b3868911598afa494f5faa038647101504e2b81"
            ],
            "markers": "python_version >= '3.6'",
            "version": "==3.0.6"
        },
        "pypika-tortoise": {
            "hashes": [
                "sha256:28fb2715a94ff2f3bc1c4ef6cc46c385c244c27d100aac760231bf612361d5ba",
                "sha256:ecdf2d6e0aeb0e15880d9e2ead41362ec7320f37fb25a3a71664c2e1105ad218"
            ],
            "markers": "python_version >= '3.7' and python_version < '4.0'",
            "version": "==0.1.3"
        },
        "python-dotenv": {
            "hashes": [
                "sha256:32b2bdc1873fd3a3c346da1c6db83d0053c3c62f28f1f38516070c4c8971b1d3",
                "sha256:a5de49a31e953b45ff2d2fd434bbc2670e8db5273606c1e737cc6b93eff3655f"
            ],
            "index": "pypi",
            "version": "==0.19.2"
        },
        "pytz": {
            "hashes": [
                "sha256:3672058bc3453457b622aab7a1c3bfd5ab0bdae451512f6cf25f64ed37f5b87c",
                "sha256:acad2d8b20a1af07d4e4c9d2e9285c5ed9104354062f275f3fcd88dcef4f1326"
            ],
            "version": "==2021.3"
        },
        "sniffio": {
            "hashes": [
                "sha256:471b71698eac1c2112a40ce2752bb2f4a4814c22a54a3eed3676bc0f5ca9f663",
                "sha256:c4666eecec1d3f50960c6bdf61ab7bc350648da6c126e3cf6898d8cd4ddcd3de"
            ],
            "markers": "python_version >= '3.5'",
            "version": "==1.2.0"
        },
        "starlette": {
            "hashes": [
                "sha256:38eb24bf705a2c317e15868e384c1b8a12ca396e5a3c3a003db7e667c43f939f",
                "sha256:e1904b5d0007aee24bdd3c43994be9b3b729f4f58e740200de1d623f8c3a8870"
            ],
            "markers": "python_version >= '3.6'",
            "version": "==0.16.0"
        },
        "tomlkit": {
            "hashes": [
                "sha256:29e84a855712dfe0e88a48f6d05c21118dbafb283bb2eed614d46f80deb8e9a1",
                "sha256:b824e3466f1d475b2b5f1c392954c6cb7ea04d64354ff7300dc7c14257dc85db"
            ],
            "markers": "python_version >= '3.6' and python_version < '4.0'",
            "version": "==0.8.0"
        },
        "tortoise-orm": {
            "hashes": [
                "sha256:1f5020e9964d32a4d6ed685d466b5d7285de328a63ee92ee988c1e4baf8fefbf",
                "sha256:f18c41bb83be4748a6ca259ed7309ca954b35f5790971824bbc79a11d2b1ef3b"
            ],
            "index": "pypi",
            "version": "==0.17.8"
        },
        "typing-extensions": {
            "hashes": [
                "sha256:4ca091dea149f945ec56afb48dae714f21e8692ef22a395223bcd328961b6a0e",
                "sha256:7f001e5ac290a0c0401508864c7ec868be4e701886d5b573a9528ed3973d9d3b"
            ],
            "markers": "python_version >= '3.6'",
            "version": "==4.0.1"
        },
        "uvicorn": {
            "hashes": [
                "sha256:d8c839231f270adaa6d338d525e2652a0b4a5f4c2430b5c4ef6ae4d11776b0d2",
                "sha256:eacb66afa65e0648fcbce5e746b135d09722231ffffc61883d4fac2b62fbea8d"
            ],
            "index": "pypi",
            "version": "==0.16.0"
        }
    },
    "develop": {}
}
